
Microsoft Visual Studio Solution File, Format Version 12.00
# Visual Studio Version 17
VisualStudioVersion = 17.14.36623.8 d17.14
MinimumVisualStudioVersion = 10.0.40219.1
Project("{FAE04EC0-301F-11D3-BF4B-00C04F79EFBC}") = "KaohsiungLightRail", "KaohsiungLightRail.csproj", "{9112B54E-B125-4A1A-9B70-6389CFFEC010}"
EndProject
Global
	GlobalSection(SolutionConfigurationPlatforms) = preSolution
		Debug|Any CPU = Debug|Any CPU
		Release|Any CPU = Release|Any CPU
	EndGlobalSection
	GlobalSection(ProjectConfigurationPlatforms) = postSolution
		{9112B54E-B125-4A1A-9B70-6389CFFEC010}.Debug|Any CPU.ActiveCfg = Debug|Any CPU
		{9112B54E-B125-4A1A-9B70-6389CFFEC010}.Debug|Any CPU.Build.0 = Debug|Any CPU
		{9112B54E-B125-4A1A-9B70-6389CFFEC010}.Release|Any CPU.ActiveCfg = Release|Any CPU
		{9112B54E-B125-4A1A-9B70-6389CFFEC010}.Release|Any CPU.Build.0 = Release|Any CPU
	EndGlobalSection
	GlobalSection(SolutionProperties) = preSolution
		HideSolutionNode = FALSE
	EndGlobalSection
	GlobalSection(ExtensibilityGlobals) = postSolution
		SolutionGuid = {66B81E3B-71E4-438F-B646-EB193A61F06D}
	EndGlobalSection
EndGlobal
